// !$*UTF8*$!
{
	archiveVersion = 1;
	classes = {
	};
	objectVersion = 50;
	objects = {

/* Begin PBXBuildFile section */
		10C8081F308EB14A0C224D44 /* Pods_oc_learning_oc_learningUITests.framework in Frameworks */ = {isa = PBXBuildFile; fileRef = D9B85731CAE9C2F57DB686B5 /* Pods_oc_learning_oc_learningUITests.framework */; };
		5FF43D6025B0A74E00071912 /* AppDelegate.m in Sources */ = {isa = PBXBuildFile; fileRef = 5FF43D5F25B0A74E00071912 /* AppDelegate.m */; };
		5FF43D6325B0A74E00071912 /* SceneDelegate.m in Sources */ = {isa = PBXBuildFile; fileRef = 5FF43D6225B0A74E00071912 /* SceneDelegate.m */; };
		5FF43D6625B0A74E00071912 /* ViewController.m in Sources */ = {isa = PBXBuildFile; fileRef = 5FF43D6525B0A74E00071912 /* ViewController.m */; };
		5FF43D6925B0A74E00071912 /* Main.storyboard in Resources */ = {isa = PBXBuildFile; fileRef = 5FF43D6725B0A74E00071912 /* Main.storyboard */; };
		5FF43D6B25B0A74F00071912 /* Assets.xcassets in Resources */ = {isa = PBXBuildFile; fileRef = 5FF43D6A25B0A74F00071912 /* Assets.xcassets */; };
		5FF43D6E25B0A74F00071912 /* LaunchScreen.storyboard in Resources */ = {isa = PBXBuildFile; fileRef = 5FF43D6C25B0A74F00071912 /* LaunchScreen.storyboard */; };
		5FF43D7125B0A74F00071912 /* main.m in Sources */ = {isa = PBXBuildFile; fileRef = 5FF43D7025B0A74F00071912 /* main.m */; };
		5FF43D7B25B0A74F00071912 /* oc_learningTests.m in Sources */ = {isa = PBXBuildFile; fileRef = 5FF43D7A25B0A74F00071912 /* oc_learningTests.m */; };
		5FF43D8625B0A74F00071912 /* oc_learningUITests.m in Sources */ = {isa = PBXBuildFile; fileRef = 5FF43D8525B0A74F00071912 /* oc_learningUITests.m */; };
		822299EE50B48C8968E1CDE6 /* Pods_oc_learningTests.framework in Frameworks */ = {isa = PBXBuildFile; fileRef = E95A28DC84C727ACF202B997 /* Pods_oc_learningTests.framework */; };
		B6A2B40B0E5B482D36F063B7 /* Pods_oc_learning.framework in Frameworks */ = {isa = PBXBuildFile; fileRef = B021129A983FAD1E6FF44B15 /* Pods_oc_learning.framework */; };
/* End PBXBuildFile section */

/* Begin PBXContainerItemProxy section */
		5FF43D7725B0A74F00071912 /* PBXContainerItemProxy */ = {
			isa = PBXContainerItemProxy;
			containerPortal = 5FF43D5325B0A74E00071912 /* Project object */;
			proxyType = 1;
			remoteGlobalIDString = 5FF43D5A25B0A74E00071912;
			remoteInfo = oc_learning;
		};
		5FF43D8225B0A74F00071912 /* PBXContainerItemProxy */ = {
			isa = PBXContainerItemProxy;
			containerPortal = 5FF43D5325B0A74E00071912 /* Project object */;
			proxyType = 1;
			remoteGlobalIDString = 5FF43D5A25B0A74E00071912;
			remoteInfo = oc_learning;
		};
/* End PBXContainerItemProxy section */

/* Begin PBXFileReference section */
		343FD4AC48862DE28AF06476 /* Pods-oc_learning.debug.xcconfig */ = {isa = PBXFileReference; includeInIndex = 1; lastKnownFileType = text.xcconfig; name = "Pods-oc_learning.debug.xcconfig"; path = "Target Support Files/Pods-oc_learning/Pods-oc_learning.debug.xcconfig"; sourceTree = "<group>"; };
		5FF43D5B25B0A74E00071912 /* oc_learning.app */ = {isa = PBXFileReference; explicitFileType = wrapper.application; includeInIndex = 0; path = oc_learning.app; sourceTree = BUILT_PRODUCTS_DIR; };
		5FF43D5E25B0A74E00071912 /* AppDelegate.h */ = {isa = PBXFileReference; lastKnownFileType = sourcecode.c.h; path = AppDelegate.h; sourceTree = "<group>"; };
		5FF43D5F25B0A74E00071912 /* AppDelegate.m */ = {isa = PBXFileReference; lastKnownFileType = sourcecode.c.objc; path = AppDelegate.m; sourceTree = "<group>"; };
		5FF43D6125B0A74E00071912 /* SceneDelegate.h */ = {isa = PBXFileReference; lastKnownFileType = sourcecode.c.h; path = SceneDelegate.h; sourceTree = "<group>"; };
		5FF43D6225B0A74E00071912 /* SceneDelegate.m */ = {isa = PBXFileReference; lastKnownFileType = sourcecode.c.objc; path = SceneDelegate.m; sourceTree = "<group>"; };
		5FF43D6425B0A74E00071912 /* ViewController.h */ = {isa = PBXFileReference; lastKnownFileType = sourcecode.c.h; path = ViewController.h; sourceTree = "<group>"; };
		5FF43D6525B0A74E00071912 /* ViewController.m */ = {isa = PBXFileReference; lastKnownFileType = sourcecode.c.objc; path = ViewController.m; sourceTree = "<group>"; };
		5FF43D6825B0A74E00071912 /* Base */ = {isa = PBXFileReference; lastKnownFileType = file.storyboard; name = Base; path = Base.lproj/Main.storyboard; sourceTree = "<group>"; };
		5FF43D6A25B0A74F00071912 /* Assets.xcassets */ = {isa = PBXFileReference; lastKnownFileType = folder.assetcatalog; path = Assets.xcassets; sourceTree = "<group>"; };
		5FF43D6D25B0A74F00071912 /* Base */ = {isa = PBXFileReference; lastKnownFileType = file.storyboard; name = Base; path = Base.lproj/LaunchScreen.storyboard; sourceTree = "<group>"; };
		5FF43D6F25B0A74F00071912 /* Info.plist */ = {isa = PBXFileReference; lastKnownFileType = text.plist.xml; path = Info.plist; sourceTree = "<group>"; };
		5FF43D7025B0A74F00071912 /* main.m */ = {isa = PBXFileReference; lastKnownFileType = sourcecode.c.objc; path = main.m; sourceTree = "<group>"; };
		5FF43D7625B0A74F00071912 /* oc_learningTests.xctest */ = {isa = PBXFileReference; explicitFileType = wrapper.cfbundle; includeInIndex = 0; path = oc_learningTests.xctest; sourceTree = BUILT_PRODUCTS_DIR; };
		5FF43D7A25B0A74F00071912 /* oc_learningTests.m */ = {isa = PBXFileReference; lastKnownFileType = sourcecode.c.objc; path = oc_learningTests.m; sourceTree = "<group>"; };
		5FF43D7C25B0A74F00071912 /* Info.plist */ = {isa = PBXFileReference; lastKnownFileType = text.plist.xml; path = Info.plist; sourceTree = "<group>"; };
		5FF43D8125B0A74F00071912 /* oc_learningUITests.xctest */ = {isa = PBXFileReference; explicitFileType = wrapper.cfbundle; includeInIndex = 0; path = oc_learningUITests.xctest; sourceTree = BUILT_PRODUCTS_DIR; };
		5FF43D8525B0A74F00071912 /* oc_learningUITests.m */ = {isa = PBXFileReference; lastKnownFileType = sourcecode.c.objc; path = oc_learningUITests.m; sourceTree = "<group>"; };
		5FF43D8725B0A74F00071912 /* Info.plist */ = {isa = PBXFileReference; lastKnownFileType = text.plist.xml; path = Info.plist; sourceTree = "<group>"; };
		680C3ADC0790B352DB639457 /* Pods-oc_learning-oc_learningUITests.debug.xcconfig */ = {isa = PBXFileReference; includeInIndex = 1; lastKnownFileType = text.xcconfig; name = "Pods-oc_learning-oc_learningUITests.debug.xcconfig"; path = "Target Support Files/Pods-oc_learning-oc_learningUITests/Pods-oc_learning-oc_learningUITests.debug.xcconfig"; sourceTree = "<group>"; };
		750F46E692E1292574E95BDB /* Pods-oc_learningTests.release.xcconfig */ = {isa = PBXFileReference; includeInIndex = 1; lastKnownFileType = text.xcconfig; name = "Pods-oc_learningTests.release.xcconfig"; path = "Target Support Files/Pods-oc_learningTests/Pods-oc_learningTests.release.xcconfig"; sourceTree = "<group>"; };
		7A6425E36479C8666B558154 /* Pods-oc_learning-oc_learningUITests.release.xcconfig */ = {isa = PBXFileReference; includeInIndex = 1; lastKnownFileType = text.xcconfig; name = "Pods-oc_learning-oc_learningUITests.release.xcconfig"; path = "Target Support Files/Pods-oc_learning-oc_learningUITests/Pods-oc_learning-oc_learningUITests.release.xcconfig"; sourceTree = "<group>"; };
		B021129A983FAD1E6FF44B15 /* Pods_oc_learning.framework */ = {isa = PBXFileReference; explicitFileType = wrapper.framework; includeInIndex = 0; path = Pods_oc_learning.framework; sourceTree = BUILT_PRODUCTS_DIR; };
		BBE720A8EF12912033129555 /* Pods-oc_learning.release.xcconfig */ = {isa = PBXFileReference; includeInIndex = 1; lastKnownFileType = text.xcconfig; name = "Pods-oc_learning.release.xcconfig"; path = "Target Support Files/Pods-oc_learning/Pods-oc_learning.release.xcconfig"; sourceTree = "<group>"; };
		D9B85731CAE9C2F57DB686B5 /* Pods_oc_learning_oc_learningUITests.framework */ = {isa = PBXFileReference; explicitFileType = wrapper.framework; includeInIndex = 0; path = Pods_oc_learning_oc_learningUITests.framework; sourceTree = BUILT_PRODUCTS_DIR; };
		E95A28DC84C727ACF202B997 /* Pods_oc_learningTests.framework */ = {isa = PBXFileReference; explicitFileType = wrapper.framework; includeInIndex = 0; path = Pods_oc_learningTests.framework; sourceTree = BUILT_PRODUCTS_DIR; };
		EB20203B82B89B6303391565 /* Pods-oc_learningTests.debug.xcconfig */ = {isa = PBXFileReference; includeInIndex = 1; lastKnownFileType = text.xcconfig; name = "Pods-oc_learningTests.debug.xcconfig"; path = "Target Support Files/Pods-oc_learningTests/Pods-oc_learningTests.debug.xcconfig"; sourceTree = "<group>"; };
/* End PBXFileReference section */

/* Begin PBXFrameworksBuildPhase section */
		5FF43D5825B0A74E00071912 /* Frameworks */ = {
			isa = PBXFrameworksBuildPhase;
			buildActionMask = 2147483647;
			files = (
				B6A2B40B0E5B482D36F063B7 /* Pods_oc_learning.framework in Frameworks */,
			);
			runOnlyForDeploymentPostprocessing = 0;
		};
		5FF43D7325B0A74F00071912 /* Frameworks */ = {
			isa = PBXFrameworksBuildPhase;
			buildActionMask = 2147483647;
			files = (
				822299EE50B48C8968E1CDE6 /* Pods_oc_learningTests.framework in Frameworks */,
			);
			runOnlyForDeploymentPostprocessing = 0;
		};
		5FF43D7E25B0A74F00071912 /* Frameworks */ = {
			isa = PBXFrameworksBuildPhase;
			buildActionMask = 2147483647;
			files = (
				10C8081F308EB14A0C224D44 /* Pods_oc_learning_oc_learningUITests.framework in Frameworks */,
			);
			runOnlyForDeploymentPostprocessing = 0;
		};
/* End PBXFrameworksBuildPhase section */

/* Begin PBXGroup section */
		5FF43D5225B0A74E00071912 = {
			isa = PBXGroup;
			children = (
				5FF43D5D25B0A74E00071912 /* oc_learning */,
				5FF43D7925B0A74F00071912 /* oc_learningTests */,
				5FF43D8425B0A74F00071912 /* oc_learningUITests */,
				5FF43D5C25B0A74E00071912 /* Products */,
				7DE127CF6DD03EB56B870F4D /* Pods */,
				8CD836BFB6DA567488058DA0 /* Frameworks */,
			);
			sourceTree = "<group>";
		};
		5FF43D5C25B0A74E00071912 /* Products */ = {
			isa = PBXGroup;
			children = (
				5FF43D5B25B0A74E00071912 /* oc_learning.app */,
				5FF43D7625B0A74F00071912 /* oc_learningTests.xctest */,
				5FF43D8125B0A74F00071912 /* oc_learningUITests.xctest */,
			);
			name = Products;
			sourceTree = "<group>";
		};
		5FF43D5D25B0A74E00071912 /* oc_learning */ = {
			isa = PBXGroup;
			children = (
				5FF43D5E25B0A74E00071912 /* AppDelegate.h */,
				5FF43D5F25B0A74E00071912 /* AppDelegate.m */,
				5FF43D6125B0A74E00071912 /* SceneDelegate.h */,
				5FF43D6225B0A74E00071912 /* SceneDelegate.m */,
				5FF43D6425B0A74E00071912 /* ViewController.h */,
				5FF43D6525B0A74E00071912 /* ViewController.m */,
				5FF43D6725B0A74E00071912 /* Main.storyboard */,
				5FF43D6A25B0A74F00071912 /* Assets.xcassets */,
				5FF43D6C25B0A74F00071912 /* LaunchScreen.storyboard */,
				5FF43D6F25B0A74F00071912 /* Info.plist */,
				5FF43D7025B0A74F00071912 /* main.m */,
			);
			path = oc_learning;
			sourceTree = "<group>";
		};
		5FF43D7925B0A74F00071912 /* oc_learningTests */ = {
			isa = PBXGroup;
			children = (
				5FF43D7A25B0A74F00071912 /* oc_learningTests.m */,
				5FF43D7C25B0A74F00071912 /* Info.plist */,
			);
			path = oc_learningTests;
			sourceTree = "<group>";
		};
		5FF43D8425B0A74F00071912 /* oc_learningUITests */ = {
			isa = PBXGroup;
			children = (
				5FF43D8525B0A74F00071912 /* oc_learningUITests.m */,
				5FF43D8725B0A74F00071912 /* Info.plist */,
			);
			path = oc_learningUITests;
			sourceTree = "<group>";
		};
		7DE127CF6DD03EB56B870F4D /* Pods */ = {
			isa = PBXGroup;
			children = (
				343FD4AC48862DE28AF06476 /* Pods-oc_learning.debug.xcconfig */,
				BBE720A8EF12912033129555 /* Pods-oc_learning.release.xcconfig */,
				680C3ADC0790B352DB639457 /* Pods-oc_learning-oc_learningUITests.debug.xcconfig */,
				7A6425E36479C8666B558154 /* Pods-oc_learning-oc_learningUITests.release.xcconfig */,
				EB20203B82B89B6303391565 /* Pods-oc_learningTests.debug.xcconfig */,
				750F46E692E1292574E95BDB /* Pods-oc_learningTests.release.xcconfig */,
			);
			name = Pods;
			path = Pods;
			sourceTree = "<group>";
		};
		8CD836BFB6DA567488058DA0 /* Frameworks */ = {
			isa = PBXGroup;
			children = (
				B021129A983FAD1E6FF44B15 /* Pods_oc_learning.framework */,
				D9B85731CAE9C2F57DB686B5 /* Pods_oc_learning_oc_learningUITests.framework */,
				E95A28DC84C727ACF202B997 /* Pods_oc_learningTests.framework */,
			);
			name = Frameworks;
			sourceTree = "<group>";
		};
/* End PBXGroup section */

/* Begin PBXNativeTarget section */
		5FF43D5A25B0A74E00071912 /* oc_learning */ = {
			isa = PBXNativeTarget;
			buildConfigurationList = 5FF43D8A25B0A74F00071912 /* Build configuration list for PBXNativeTarget "oc_learning" */;
			buildPhases = (
				8F6E3D77ED4397435058E665 /* [CP] Check Pods Manifest.lock */,
				5FF43D5725B0A74E00071912 /* Sources */,
				5FF43D5825B0A74E00071912 /* Frameworks */,
				5FF43D5925B0A74E00071912 /* Resources */,
			);
			buildRules = (
			);
			dependencies = (
			);
			name = oc_learning;
			productName = oc_learning;
			productReference = 5FF43D5B25B0A74E00071912 /* oc_learning.app */;
			productType = "com.apple.product-type.application";
		};
		5FF43D7525B0A74F00071912 /* oc_learningTests */ = {
			isa = PBXNativeTarget;
			buildConfigurationList = 5FF43D8D25B0A74F00071912 /* Build configuration list for PBXNativeTarget "oc_learningTests" */;
			buildPhases = (
				EA57F9261F01FF61E6C73041 /* [CP] Check Pods Manifest.lock */,
				5FF43D7225B0A74F00071912 /* Sources */,
				5FF43D7325B0A74F00071912 /* Frameworks */,
				5FF43D7425B0A74F00071912 /* Resources */,
			);
			buildRules = (
			);
			dependencies = (
				5FF43D7825B0A74F00071912 /* PBXTargetDependency */,
			);
			name = oc_learningTests;
			productName = oc_learningTests;
			productReference = 5FF43D7625B0A74F00071912 /* oc_learningTests.xctest */;
			productType = "com.apple.product-type.bundle.unit-test";
		};
		5FF43D8025B0A74F00071912 /* oc_learningUITests */ = {
			isa = PBXNativeTarget;
			buildConfigurationList = 5FF43D9025B0A74F00071912 /* Build configuration list for PBXNativeTarget "oc_learningUITests" */;
			buildPhases = (
				83522AD9CEB62C0D2D50A47E /* [CP] Check Pods Manifest.lock */,
				5FF43D7D25B0A74F00071912 /* Sources */,
				5FF43D7E25B0A74F00071912 /* Frameworks */,
				5FF43D7F25B0A74F00071912 /* Resources */,
			);
			buildRules = (
			);
			dependencies = (
				5FF43D8325B0A74F00071912 /* PBXTargetDependency */,
			);
			name = oc_learningUITests;
			productName = oc_learningUITests;
			productReference = 5FF43D8125B0A74F00071912 /* oc_learningUITests.xctest */;
			productType = "com.apple.product-type.bundle.ui-testing";
		};
/* End PBXNativeTarget section */

/* Begin PBXProject section */
		5FF43D5325B0A74E00071912 /* Project object */ = {
			isa = PBXProject;
			attributes = {
				LastUpgradeCheck = 1230;
				TargetAttributes = {
					5FF43D5A25B0A74E00071912 = {
						CreatedOnToolsVersion = 12.3;
					};
					5FF43D7525B0A74F00071912 = {
						CreatedOnToolsVersion = 12.3;
						TestTargetID = 5FF43D5A25B0A74E00071912;
					};
					5FF43D8025B0A74F00071912 = {
						CreatedOnToolsVersion = 12.3;
						TestTargetID = 5FF43D5A25B0A74E00071912;
					};
				};
			};
			buildConfigurationList = 5FF43D5625B0A74E00071912 /* Build configuration list for PBXProject "oc_learning" */;
			compatibilityVersion = "Xcode 9.3";
			developmentRegion = en;
			hasScannedForEncodings = 0;
			knownRegions = (
				en,
				Base,
			);
			mainGroup = 5FF43D5225B0A74E00071912;
			productRefGroup = 5FF43D5C25B0A74E00071912 /* Products */;
			projectDirPath = "";
			projectRoot = "";
			targets = (
				5FF43D5A25B0A74E00071912 /* oc_learning */,
				5FF43D7525B0A74F00071912 /* oc_learningTests */,
				5FF43D8025B0A74F00071912 /* oc_learningUITests */,
			);
		};
/* End PBXProject section */

/* Begin PBXResourcesBuildPhase section */
		5FF43D5925B0A74E00071912 /* Resources */ = {
			isa = PBXResourcesBuildPhase;
			buildActionMask = 2147483647;
			files = (
				5FF43D6E25B0A74F00071912 /* LaunchScreen.storyboard in Resources */,
				5FF43D6B25B0A74F00071912 /* Assets.xcassets in Resources */,
				5FF43D6925B0A74E00071912 /* Main.storyboard in Resources */,
			);
			runOnlyForDeploymentPostprocessing = 0;
		};
		5FF43D7425B0A74F00071912 /* Resources */ = {
			isa = PBXResourcesBuildPhase;
			buildActionMask = 2147483647;
			files = (
			);
			runOnlyForDeploymentPostprocessing = 0;
		};
		5FF43D7F25B0A74F00071912 /* Resources */ = {
			isa = PBXResourcesBuildPhase;
			buildActionMask = 2147483647;
			files = (
			);
			runOnlyForDeploymentPostprocessing = 0;
		};
/* End PBXResourcesBuildPhase section */

/* Begin PBXShellScriptBuildPhase section */
		83522AD9CEB62C0D2D50A47E /* [CP] Check Pods Manifest.lock */ = {
			isa = PBXShellScriptBuildPhase;
			buildActionMask = 2147483647;
			files = (
			);
			inputFileListPaths = (
			);
			inputPaths = (
				"${PODS_PODFILE_DIR_PATH}/Podfile.lock",
				"${PODS_ROOT}/Manifest.lock",
			);
			name = "[CP] Check Pods Manifest.lock";
			outputFileListPaths = (
			);
			outputPaths = (
				"$(DERIVED_FILE_DIR)/Pods-oc_learning-oc_learningUITests-checkManifestLockResult.txt",
			);
			runOnlyForDeploymentPostprocessing = 0;
			shellPath = /bin/sh;
			shellScript = "diff \"${PODS_PODFILE_DIR_PATH}/Podfile.lock\" \"${PODS_ROOT}/Manifest.lock\" > /dev/null\nif [ $? != 0 ] ; then\n    # print error to STDERR\n    echo \"error: The sandbox is not in sync with the Podfile.lock. Run 'pod install' or update your CocoaPods installation.\" >&2\n    exit 1\nfi\n# This output is used by Xcode 'outputs' to avoid re-running this script phase.\necho \"SUCCESS\" > \"${SCRIPT_OUTPUT_FILE_0}\"\n";
			showEnvVarsInLog = 0;
		};
		8F6E3D77ED4397435058E665 /* [CP] Check Pods Manifest.lock */ = {
			isa = PBXShellScriptBuildPhase;
			buildActionMask = 2147483647;
			files = (
			);
			inputFileListPaths = (
			);
			inputPaths = (
				"${PODS_PODFILE_DIR_PATH}/Podfile.lock",
				"${PODS_ROOT}/Manifest.lock",
			);
			name = "[CP] Check Pods Manifest.lock";
			outputFileListPaths = (
			);
			outputPaths = (
				"$(DERIVED_FILE_DIR)/Pods-oc_learning-checkManifestLockResult.txt",
			);
			runOnlyForDeploymentPostprocessing = 0;
			shellPath = /bin/sh;
			shellScript = "diff \"${PODS_PODFILE_DIR_PATH}/Podfile.lock\" \"${PODS_ROOT}/Manifest.lock\" > /dev/null\nif [ $? != 0 ] ; then\n    # print error to STDERR\n    echo \"error: The sandbox is not in sync with the Podfile.lock. Run 'pod install' or update your CocoaPods installation.\" >&2\n    exit 1\nfi\n# This output is used by Xcode 'outputs' to avoid re-running this script phase.\necho \"SUCCESS\" > \"${SCRIPT_OUTPUT_FILE_0}\"\n";
			showEnvVarsInLog = 0;
		};
		EA57F9261F01FF61E6C73041 /* [CP] Check Pods Manifest.lock */ = {
			isa = PBXShellScriptBuildPhase;
			buildActionMask = 2147483647;
			files = (
			);
			inputFileListPaths = (
			);
			inputPaths = (
				"${PODS_PODFILE_DIR_PATH}/Podfile.lock",
				"${PODS_ROOT}/Manifest.lock",
			);
			name = "[CP] Check Pods Manifest.lock";
			outputFileListPaths = (
			);
			outputPaths = (
				"$(DERIVED_FILE_DIR)/Pods-oc_learningTests-checkManifestLockResult.txt",
			);
			runOnlyForDeploymentPostprocessing = 0;
			shellPath = /bin/sh;
			shellScript = "diff \"${PODS_PODFILE_DIR_PATH}/Podfile.lock\" \"${PODS_ROOT}/Manifest.lock\" > /dev/null\nif [ $? != 0 ] ; then\n    # print error to STDERR\n    echo \"error: The sandbox is not in sync with the Podfile.lock. Run 'pod install' or update your CocoaPods installation.\" >&2\n    exit 1\nfi\n# This output is used by Xcode 'outputs' to avoid re-running this script phase.\necho \"SUCCESS\" > \"${SCRIPT_OUTPUT_FILE_0}\"\n";
			showEnvVarsInLog = 0;
		};
/* End PBXShellScriptBuildPhase section */

/* Begin PBXSourcesBuildPhase section */
		5FF43D5725B0A74E00071912 /* Sources */ = {
			isa = PBXSourcesBuildPhase;
			buildActionMask = 2147483647;
			files = (
				5FF43D6625B0A74E00071912 /* ViewController.m in Sources */,
				5FF43D6025B0A74E00071912 /* AppDelegate.m in Sources */,
				5FF43D7125B0A74F00071912 /* main.m in Sources */,
				5FF43D6325B0A74E00071912 /* SceneDelegate.m in Sources */,
			);
			runOnlyForDeploymentPostprocessing = 0;
		};
		5FF43D7225B0A74F00071912 /* Sources */ = {
			isa = PBXSourcesBuildPhase;
			buildActionMask = 2147483647;
			files = (
				5FF43D7B25B0A74F00071912 /* oc_learningTests.m in Sources */,
			);
			runOnlyForDeploymentPostprocessing = 0;
		};
		5FF43D7D25B0A74F00071912 /* Sources */ = {
			isa = PBXSourcesBuildPhase;
			buildActionMask = 2147483647;
			files = (
				5FF43D8625B0A74F00071912 /* oc_learningUITests.m in Sources */,
			);
			runOnlyForDeploymentPostprocessing = 0;
		};
/* End PBXSourcesBuildPhase section */

/* Begin PBXTargetDependency section */
		5FF43D7825B0A74F00071912 /* PBXTargetDependency */ = {
			isa = PBXTargetDependency;
			target = 5FF43D5A25B0A74E00071912 /* oc_learning */;
			targetProxy = 5FF43D7725B0A74F00071912 /* PBXContainerItemProxy */;
		};
		5FF43D8325B0A74F00071912 /* PBXTargetDependency */ = {
			isa = PBXTargetDependency;
			target = 5FF43D5A25B0A74E00071912 /* oc_learning */;
			targetProxy = 5FF43D8225B0A74F00071912 /* PBXContainerItemProxy */;
		};
/* End PBXTargetDependency section */

/* Begin PBXVariantGroup section */
		5FF43D6725B0A74E00071912 /* Main.storyboard */ = {
			isa = PBXVariantGroup;
			children = (
				5FF43D6825B0A74E00071912 /* Base */,
			);
			name = Main.storyboard;
			sourceTree = "<group>";
		};
		5FF43D6C25B0A74F00071912 /* LaunchScreen.storyboard */ = {
			isa = PBXVariantGroup;
			children = (
				5FF43D6D25B0A74F00071912 /* Base */,
			);
			name = LaunchScreen.storyboard;
			sourceTree = "<group>";
		};
/* End PBXVariantGroup section */

/* Begin XCBuildConfiguration section */
		5FF43D8825B0A74F00071912 /* Debug */ = {
			isa = XCBuildConfiguration;
			buildSettings = {
				ALWAYS_SEARCH_USER_PATHS = NO;
				CLANG_ANALYZER_NONNULL = YES;
				CLANG_ANALYZER_NUMBER_OBJECT_CONVERSION = YES_AGGRESSIVE;
				CLANG_CXX_LANGUAGE_STANDARD = "gnu++14";
				CLANG_CXX_LIBRARY = "libc++";
				CLANG_ENABLE_MODULES = YES;
				CLANG_ENABLE_OBJC_ARC = YES;
				CLANG_ENABLE_OBJC_WEAK = YES;
				CLANG_WARN_BLOCK_CAPTURE_AUTORELEASING = YES;
				CLANG_WARN_BOOL_CONVERSION = YES;
				CLANG_WARN_COMMA = YES;
				CLANG_WARN_CONSTANT_CONVERSION = YES;
				CLANG_WARN_DEPRECATED_OBJC_IMPLEMENTATIONS = YES;
				CLANG_WARN_DIRECT_OBJC_ISA_USAGE = YES_ERROR;
				CLANG_WARN_DOCUMENTATION_COMMENTS = YES;
				CLANG_WARN_EMPTY_BODY = YES;
				CLANG_WARN_ENUM_CONVERSION = YES;
				CLANG_WARN_INFINITE_RECURSION = YES;
				CLANG_WARN_INT_CONVERSION = YES;
				CLANG_WARN_NON_LITERAL_NULL_CONVERSION = YES;
				CLANG_WARN_OBJC_IMPLICIT_RETAIN_SELF = YES;
				CLANG_WARN_OBJC_LITERAL_CONVERSION = YES;
				CLANG_WARN_OBJC_ROOT_CLASS = YES_ERROR;
				CLANG_WARN_QUOTED_INCLUDE_IN_FRAMEWORK_HEADER = YES;
				CLANG_WARN_RANGE_LOOP_ANALYSIS = YES;
				CLANG_WARN_STRICT_PROTOTYPES = YES;
				CLANG_WARN_SUSPICIOUS_MOVE = YES;
				CLANG_WARN_UNGUARDED_AVAILABILITY = YES_AGGRESSIVE;
				CLANG_WARN_UNREACHABLE_CODE = YES;
				CLANG_WARN__DUPLICATE_METHOD_MATCH = YES;
				COPY_PHASE_STRIP = NO;
				DEBUG_INFORMATION_FORMAT = dwarf;
				ENABLE_STRICT_OBJC_MSGSEND = YES;
				ENABLE_TESTABILITY = YES;
				GCC_C_LANGUAGE_STANDARD = gnu11;
				GCC_DYNAMIC_NO_PIC = NO;
				GCC_NO_COMMON_BLOCKS = YES;
				GCC_OPTIMIZATION_LEVEL = 0;
				GCC_PREPROCESSOR_DEFINITIONS = (
					"DEBUG=1",
					"$(inherited)",
				);
				GCC_WARN_64_TO_32_BIT_CONVERSION = YES;
				GCC_WARN_ABOUT_RETURN_TYPE = YES_ERROR;
				GCC_WARN_UNDECLARED_SELECTOR = YES;
				GCC_WARN_UNINITIALIZED_AUTOS = YES_AGGRESSIVE;
				GCC_WARN_UNUSED_FUNCTION = YES;
				GCC_WARN_UNUSED_VARIABLE = YES;
				IPHONEOS_DEPLOYMENT_TARGET = 14.3;
				MTL_ENABLE_DEBUG_INFO = INCLUDE_SOURCE;
				MTL_FAST_MATH = YES;
				ONLY_ACTIVE_ARCH = YES;
				SDKROOT = iphoneos;
			};
			name = Debug;
		};
		5FF43D8925B0A74F00071912 /* Release */ = {
			isa = XCBuildConfiguration;
			buildSettings = {
				ALWAYS_SEARCH_USER_PATHS = NO;
				CLANG_ANALYZER_NONNULL = YES;
				CLANG_ANALYZER_NUMBER_OBJECT_CONVERSION = YES_AGGRESSIVE;
				CLANG_CXX_LANGUAGE_STANDARD = "gnu++14";
				CLANG_CXX_LIBRARY = "libc++";
				CLANG_ENABLE_MODULES = YES;
				CLANG_ENABLE_OBJC_ARC = YES;
				CLANG_ENABLE_OBJC_WEAK = YES;
				CLANG_WARN_BLOCK_CAPTURE_AUTORELEASING = YES;
				CLANG_WARN_BOOL_CONVERSION = YES;
				CLANG_WARN_COMMA = YES;
				CLANG_WARN_CONSTANT_CONVERSION = YES;
				CLANG_WARN_DEPRECATED_OBJC_IMPLEMENTATIONS = YES;
				CLANG_WARN_DIRECT_OBJC_ISA_USAGE = YES_ERROR;
				CLANG_WARN_DOCUMENTATION_COMMENTS = YES;
				CLANG_WARN_EMPTY_BODY = YES;
				CLANG_WARN_ENUM_CONVERSION = YES;
				CLANG_WARN_INFINITE_RECURSION = YES;
				CLANG_WARN_INT_CONVERSION = YES;
				CLANG_WARN_NON_LITERAL_NULL_CONVERSION = YES;
				CLANG_WARN_OBJC_IMPLICIT_RETAIN_SELF = YES;
				CLANG_WARN_OBJC_LITERAL_CONVERSION = YES;
				CLANG_WARN_OBJC_ROOT_CLASS = YES_ERROR;
				CLANG_WARN_QUOTED_INCLUDE_IN_FRAMEWORK_HEADER = YES;
				CLANG_WARN_RANGE_LOOP_ANALYSIS = YES;
				CLANG_WARN_STRICT_PROTOTYPES = YES;
				CLANG_WARN_SUSPICIOUS_MOVE = YES;
				CLANG_WARN_UNGUARDED_AVAILABILITY = YES_AGGRESSIVE;
				CLANG_WARN_UNREACHABLE_CODE = YES;
				CLANG_WARN__DUPLICATE_METHOD_MATCH = YES;
				COPY_PHASE_STRIP = NO;
				DEBUG_INFORMATION_FORMAT = "dwarf-with-dsym";
				ENABLE_NS_ASSERTIONS = NO;
				ENABLE_STRICT_OBJC_MSGSEND = YES;
				GCC_C_LANGUAGE_STANDARD = gnu11;
				GCC_NO_COMMON_BLOCKS = YES;
				GCC_WARN_64_TO_32_BIT_CONVERSION = YES;
				GCC_WARN_ABOUT_RETURN_TYPE = YES_ERROR;
				GCC_WARN_UNDECLARED_SELECTOR = YES;
				GCC_WARN_UNINITIALIZED_AUTOS = YES_AGGRESSIVE;
				GCC_WARN_UNUSED_FUNCTION = YES;
				GCC_WARN_UNUSED_VARIABLE = YES;
				IPHONEOS_DEPLOYMENT_TARGET = 14.3;
				MTL_ENABLE_DEBUG_INFO = NO;
				MTL_FAST_MATH = YES;
				SDKROOT = iphoneos;
				VALIDATE_PRODUCT = YES;
			};
			name = Release;
		};
		5FF43D8B25B0A74F00071912 /* Debug */ = {
			isa = XCBuildConfiguration;
			baseConfigurationReference = 343FD4AC48862DE28AF06476 /* Pods-oc_learning.debug.xcconfig */;
			buildSettings = {
				ASSETCATALOG_COMPILER_APPICON_NAME = AppIcon;
				ASSETCATALOG_COMPILER_GLOBAL_ACCENT_COLOR_NAME = AccentColor;
				CODE_SIGN_STYLE = Automatic;
				DEVELOPMENT_TEAM = 6T4KK8RRG2;
				INFOPLIST_FILE = oc_learning/Info.plist;
				LD_RUNPATH_SEARCH_PATHS = (
					"$(inherited)",
					"@executable_path/Frameworks",
				);
				PRODUCT_BUNDLE_IDENTIFIER = "com.zlb.octest.oc-learning";
				PRODUCT_NAME = "$(TARGET_NAME)";
				TARGETED_DEVICE_FAMILY = 1;
			};
			name = Debug;
		};
		5FF43D8C25B0A74F00071912 /* Release */ = {
			isa = XCBuildConfiguration;
			baseConfigurationReference = BBE720A8EF12912033129555 /* Pods-oc_learning.release.xcconfig */;
			buildSettings = {
				ASSETCATALOG_COMPILER_APPICON_NAME = AppIcon;
				ASSETCATALOG_COMPILER_GLOBAL_ACCENT_COLOR_NAME = AccentColor;
				CODE_SIGN_STYLE = Automatic;
				DEVELOPMENT_TEAM = 6T4KK8RRG2;
				INFOPLIST_FILE = oc_learning/Info.plist;
				LD_RUNPATH_SEARCH_PATHS = (
					"$(inherited)",
					"@executable_path/Frameworks",
				);
				PRODUCT_BUNDLE_IDENTIFIER = "com.zlb.octest.oc-learning";
				PRODUCT_NAME = "$(TARGET_NAME)";
				TARGETED_DEVICE_FAMILY = 1;
			};
			name = Release;
		};
		5FF43D8E25B0A74F00071912 /* Debug */ = {
			isa = XCBuildConfiguration;
			baseConfigurationReference = EB20203B82B89B6303391565 /* Pods-oc_learningTests.debug.xcconfig */;
			buildSettings = {
				BUNDLE_LOADER = "$(TEST_HOST)";
				CODE_SIGN_STYLE = Automatic;
				DEVELOPMENT_TEAM = 6T4KK8RRG2;
				INFOPLIST_FILE = oc_learningTests/Info.plist;
				IPHONEOS_DEPLOYMENT_TARGET = 14.3;
				LD_RUNPATH_SEARCH_PATHS = (
					"$(inherited)",
					"@executable_path/Frameworks",
					"@loader_path/Frameworks",
				);
				PRODUCT_BUNDLE_IDENTIFIER = "com.zlb.octest.oc-learningTests";
				PRODUCT_NAME = "$(TARGET_NAME)";
				TARGETED_DEVICE_FAMILY = "1,2";
				TEST_HOST = "$(BUILT_PRODUCTS_DIR)/oc_learning.app/oc_learning";
			};
			name = Debug;
		};
		5FF43D8F25B0A74F00071912 /* Release */ = {
			isa = XCBuildConfiguration;
			baseConfigurationReference = 750F46E692E1292574E95BDB /* Pods-oc_learningTests.release.xcconfig */;
			buildSettings = {
				BUNDLE_LOADER = "$(TEST_HOST)";
				CODE_SIGN_STYLE = Automatic;
				DEVELOPMENT_TEAM = 6T4KK8RRG2;
				INFOPLIST_FILE = oc_learningTests/Info.plist;
				IPHONEOS_DEPLOYMENT_TARGET = 14.3;
				LD_RUNPATH_SEARCH_PATHS = (
					"$(inherited)",
					"@executable_path/Frameworks",
					"@loader_path/Frameworks",
				);
				PRODUCT_BUNDLE_IDENTIFIER = "com.zlb.octest.oc-learningTests";
				PRODUCT_NAME = "$(TARGET_NAME)";
				TARGETED_DEVICE_FAMILY = "1,2";
				TEST_HOST = "$(BUILT_PRODUCTS_DIR)/oc_learning.app/oc_learning";
			};
			name = Release;
		};
		5FF43D9125B0A74F00071912 /* Debug */ = {
			isa = XCBuildConfiguration;
			baseConfigurationReference = 680C3ADC0790B352DB639457 /* Pods-oc_learning-oc_learningUITests.debug.xcconfig */;
			buildSettings = {
				CODE_SIGN_STYLE = Automatic;
				DEVELOPMENT_TEAM = 6T4KK8RRG2;
				INFOPLIST_FILE = oc_learningUITests/Info.plist;
				LD_RUNPATH_SEARCH_PATHS = (
					"$(inherited)",
					"@executable_path/Frameworks",
					"@loader_path/Frameworks",
				);
				PRODUCT_BUNDLE_IDENTIFIER = "com.zlb.octest.oc-learningUITests";
				PRODUCT_NAME = "$(TARGET_NAME)";
				TARGETED_DEVICE_FAMILY = "1,2";
				TEST_TARGET_NAME = oc_learning;
			};
			name = Debug;
		};
		5FF43D9225B0A74F00071912 /* Release */ = {
			isa = XCBuildConfiguration;
			baseConfigurationReference = 7A6425E36479C8666B558154 /* Pods-oc_learning-oc_learningUITests.release.xcconfig */;
			buildSettings = {
				CODE_SIGN_STYLE = Automatic;
				DEVELOPMENT_TEAM = 6T4KK8RRG2;
				INFOPLIST_FILE = oc_learningUITests/Info.plist;
				LD_RUNPATH_SEARCH_PATHS = (
					"$(inherited)",
					"@executable_path/Frameworks",
					"@loader_path/Frameworks",
				);
				PRODUCT_BUNDLE_IDENTIFIER = "com.zlb.octest.oc-learningUITests";
				PRODUCT_NAME = "$(TARGET_NAME)";
				TARGETED_DEVICE_FAMILY = "1,2";
				TEST_TARGET_NAME = oc_learning;
			};
			name = Release;
		};
/* End XCBuildConfiguration section */

/* Begin XCConfigurationList section */
		5FF43D5625B0A74E00071912 /* Build configuration list for PBXProject "oc_learning" */ = {
			isa = XCConfigurationList;
			buildConfigurations = (
				5FF43D8825B0A74F00071912 /* Debug */,
				5FF43D8925B0A74F00071912 /* Release */,
			);
			defaultConfigurationIsVisible = 0;
			defaultConfigurationName = Release;
		};
		5FF43D8A25B0A74F00071912 /* Build configuration list for PBXNativeTarget "oc_learning" */ = {
			isa = XCConfigurationList;
			buildConfigurations = (
				5FF43D8B25B0A74F00071912 /* Debug */,
				5FF43D8C25B0A74F00071912 /* Release */,
			);
			defaultConfigurationIsVisible = 0;
			defaultConfigurationName = Release;
		};
		5FF43D8D25B0A74F00071912 /* Build configuration list for PBXNativeTarget "oc_learningTests" */ = {
			isa = XCConfigurationList;
			buildConfigurations = (
				5FF43D8E25B0A74F00071912 /* Debug */,
				5FF43D8F25B0A74F00071912 /* Release */,
			);
			defaultConfigurationIsVisible = 0;
			defaultConfigurationName = Release;
		};
		5FF43D9025B0A74F00071912 /* Build configuration list for PBXNativeTarget "oc_learningUITests" */ = {
			isa = XCConfigurationList;
			buildConfigurations = (
				5FF43D9125B0A74F00071912 /* Debug */,
				5FF43D9225B0A74F00071912 /* Release */,
			);
			defaultConfigurationIsVisible = 0;
			defaultConfigurationName = Release;
		};
/* End XCConfigurationList section */
	};
	rootObject = 5FF43D5325B0A74E00071912 /* Project object */;
}
